
Microsoft Visual Studio Solution File, Format Version 12.00
# Visual Studio Version 16
VisualStudioVersion = 16.0.29709.97
MinimumVisualStudioVersion = 10.0.40219.1
Project("{FAE04EC0-301F-11D3-BF4B-00C04F79EFBC}") = "Unknown Challenge Puzzle", "Unknown Challenge Puzzle\Unknown Challenge Puzzle.csproj", "{A92B0407-B6F0-4496-BF94-99BD26CDF1EC}"
EndProject
Global
	GlobalSection(SolutionConfigurationPlatforms) = preSolution
		Debug|Any CPU = Debug|Any CPU
		Release|Any CPU = Release|Any CPU
	EndGlobalSection
	GlobalSection(ProjectConfigurationPlatforms) = postSolution
		{A92B0407-B6F0-4496-BF94-99BD26CDF1EC}.Debug|Any CPU.ActiveCfg = Debug|Any CPU
		{A92B0407-B6F0-4496-BF94-99BD26CDF1EC}.Debug|Any CPU.Build.0 = Debug|Any CPU
		{A92B0407-B6F0-4496-BF94-99BD26CDF1EC}.Release|Any CPU.ActiveCfg = Release|Any CPU
		{A92B0407-B6F0-4496-BF94-99BD26CDF1EC}.Release|Any CPU.Build.0 = Release|Any CPU
	EndGlobalSection
	GlobalSection(SolutionProperties) = preSolution
		HideSolutionNode = FALSE
	EndGlobalSection
	GlobalSection(ExtensibilityGlobals) = postSolution
		SolutionGuid = {449E74AF-C379-4E6C-8446-9CABAFB4F974}
	EndGlobalSection
EndGlobal
